{
    "_readme": [
        "This file locks the dependencies of your project to a known state",
        "Read more about it at https://getcomposer.org/doc/01-basic-usage.md#composer-lock-the-lock-file",
        "This file is @generated automatically"
    ],
    "content-hash": "6ba346d844c46bfbcb34de96ed45f002",
    "packages": [
        {
            "name": "paymentspring/paymentspring-php",
            "version": "dev-master",
            "source": {
                "type": "git",
                "url": "https://github.com/paymentspring/paymentspring-php.git",
                "reference": "e99762fb4c63f51d0a7ac361e22350d630fc3182"
            },
            "dist": {
                "type": "zip",
                "url": "https://api.github.com/repos/paymentspring/paymentspring-php/zipball/e99762fb4c63f51d0a7ac361e22350d630fc3182",
                "reference": "e99762fb4c63f51d0a7ac361e22350d630fc3182",
                "shasum": ""
            },
            "require": {
                "php": ">=5.4"
            },
            "type": "package",
            "autoload": {
                "files": [
                    "init.php"
                ]
            },
            "notification-url": "https://packagist.org/downloads/",
            "license": [
                "GPL-2.0"
            ],
            "authors": [
                {
                    "name": "PaymentSpring",
                    "email": "support@paymentspring.com"
                }
            ],
            "description": "PHP library for the PaymentSpring API",
            "keywords": [
                "api",
                "payments",
                "paymentspring"
            ],
            "time": "2017-04-12 16:56:20"
        },
        {
            "name": "twig/twig",
            "version": "v1.33.0",
            "source": {
                "type": "git",
                "url": "https://github.com/twigphp/Twig.git",
                "reference": "05cf49921b13f6f01d3cfdf9018cfa7a8086fd5a"
            },
            "dist": {
                "type": "zip",
                "url": "https://api.github.com/repos/twigphp/Twig/zipball/05cf49921b13f6f01d3cfdf9018cfa7a8086fd5a",
                "reference": "05cf49921b13f6f01d3cfdf9018cfa7a8086fd5a",
                "shasum": ""
            },
            "require": {
                "php": ">=5.2.7"
            },
            "require-dev": {
                "psr/container": "^1.0",
                "symfony/debug": "~2.7",
                "symfony/phpunit-bridge": "~3.3@dev"
            },
            "type": "library",
            "extra": {
                "branch-alias": {
                    "dev-master": "1.33-dev"
                }
            },
            "autoload": {
                "psr-0": {
                    "Twig_": "lib/"
                }
            },
            "notification-url": "https://packagist.org/downloads/",
            "license": [
                "BSD-3-Clause"
            ],
            "authors": [
                {
                    "name": "Fabien Potencier",
                    "email": "fabien@symfony.com",
                    "homepage": "http://fabien.potencier.org",
                    "role": "Lead Developer"
                },
                {
                    "name": "Armin Ronacher",
                    "email": "armin.ronacher@active-4.com",
                    "role": "Project Founder"
                },
                {
                    "name": "Twig Team",
                    "homepage": "http://twig.sensiolabs.org/contributors",
                    "role": "Contributors"
                }
            ],
            "description": "Twig, the flexible, fast, and secure template language for PHP",
            "homepage": "http://twig.sensiolabs.org",
            "keywords": [
                "templating"
            ],
            "time": "2017-03-22T15:40:09+00:00"
        },
        {
            "name": "xamin/handlebars.php",
            "version": "dev-master",
            "source": {
                "type": "git",
                "url": "https://github.com/XaminProject/handlebars.php.git",
                "reference": "38c743f79b8a2b501d9be97a413a56e5c2ed3e0f"
            },
            "dist": {
                "type": "zip",
                "url": "https://api.github.com/repos/XaminProject/handlebars.php/zipball/38c743f79b8a2b501d9be97a413a56e5c2ed3e0f",
                "reference": "38c743f79b8a2b501d9be97a413a56e5c2ed3e0f",
                "shasum": ""
            },
            "require-dev": {
                "phpunit/phpunit": "~4.4",
                "squizlabs/php_codesniffer": "~1.5"
            },
            "type": "library",
            "autoload": {
                "psr-0": {
                    "Handlebars": "src/"
                }
            },
            "notification-url": "https://packagist.org/downloads/",
            "license": [
                "MIT"
            ],
            "authors": [
                {
                    "name": "fzerorubigd",
                    "email": "fzerorubigd@gmail.com"
                },
                {
                    "name": "Behrooz Shabani (everplays)",
                    "email": "everplays@gmail.com"
                }
            ],
            "description": "Handlebars processor for php",
            "homepage": "https://github.com/XaminProject/handlebars.php",
            "time": "2016-12-27 09:15:36"
        }
    ],
    "packages-dev": [],
    "aliases": [],
    "minimum-stability": "stable",
    "stability-flags": {
        "paymentspring/paymentspring-php": 20,
        "xamin/handlebars.php": 20
    },
    "prefer-stable": false,
    "prefer-lowest": false,
    "platform": [],
    "platform-dev": []
}
